
Microsoft Visual Studio Solution File, Format Version 12.00
# Visual Studio Version 17
VisualStudioVersion = 17.14.36429.23 d17.14
MinimumVisualStudioVersion = 10.0.40219.1
Project("{FAE04EC0-301F-11D3-BF4B-00C04F79EFBC}") = "ConsoleApp1", "ConsoleApp1.csproj", "{CF2F4560-92D0-4900-94E1-3221C3E2CCEA}"
EndProject
Global
	GlobalSection(SolutionConfigurationPlatforms) = preSolution
		Debug|Any CPU = Debug|Any CPU
		Release|Any CPU = Release|Any CPU
	EndGlobalSection
	GlobalSection(ProjectConfigurationPlatforms) = postSolution
		{CF2F4560-92D0-4900-94E1-3221C3E2CCEA}.Debug|Any CPU.ActiveCfg = Debug|Any CPU
		{CF2F4560-92D0-4900-94E1-3221C3E2CCEA}.Debug|Any CPU.Build.0 = Debug|Any CPU
		{CF2F4560-92D0-4900-94E1-3221C3E2CCEA}.Release|Any CPU.ActiveCfg = Release|Any CPU
		{CF2F4560-92D0-4900-94E1-3221C3E2CCEA}.Release|Any CPU.Build.0 = Release|Any CPU
	EndGlobalSection
	GlobalSection(SolutionProperties) = preSolution
		HideSolutionNode = FALSE
	EndGlobalSection
	GlobalSection(ExtensibilityGlobals) = postSolution
		SolutionGuid = {82577A57-2F9A-4832-B279-0E272767C999}
	EndGlobalSection
EndGlobal
